
Microsoft Visual Studio Solution File, Format Version 12.00
# Visual Studio Version 16
VisualStudioVersion = 16.0.29911.84
MinimumVisualStudioVersion = 10.0.40219.1
Project("{FAE04EC0-301F-11D3-BF4B-00C04F79EFBC}") = "ExerciseWorkflow", "ExerciseWorkflow\ExerciseWorkflow.csproj", "{948C857F-D257-47F9-8E8C-9103BD840555}"
EndProject
Global
	GlobalSection(SolutionConfigurationPlatforms) = preSolution
		Debug|Any CPU = Debug|Any CPU
		Release|Any CPU = Release|Any CPU
	EndGlobalSection
	GlobalSection(ProjectConfigurationPlatforms) = postSolution
		{948C857F-D257-47F9-8E8C-9103BD840555}.Debug|Any CPU.ActiveCfg = Debug|Any CPU
		{948C857F-D257-47F9-8E8C-9103BD840555}.Debug|Any CPU.Build.0 = Debug|Any CPU
		{948C857F-D257-47F9-8E8C-9103BD840555}.Release|Any CPU.ActiveCfg = Release|Any CPU
		{948C857F-D257-47F9-8E8C-9103BD840555}.Release|Any CPU.Build.0 = Release|Any CPU
	EndGlobalSection
	GlobalSection(SolutionProperties) = preSolution
		HideSolutionNode = FALSE
	EndGlobalSection
	GlobalSection(ExtensibilityGlobals) = postSolution
		SolutionGuid = {C1C7A4A4-FC63-418E-B5C5-5159877FBE0B}
	EndGlobalSection
EndGlobal
